
Microsoft Visual Studio Solution File, Format Version 12.00
# Visual Studio 2015
Project("{FAE04EC0-301F-11D3-BF4B-00C04F79EFBC}") = "ProceduralGeneration.CSharp.Plugins", "ProceduralGeneration.CSharp.Plugins.csproj", "{E35D93C2-1C5C-384A-3E75-450AB002618B}"
EndProject
Project("{FAE04EC0-301F-11D3-BF4B-00C04F79EFBC}") = "ProceduralGeneration.CSharp.Editor", "ProceduralGeneration.CSharp.Editor.csproj", "{0378B8C3-9DA1-C94B-310E-73FC12EB1E49}"
EndProject
Global
	GlobalSection(SolutionConfigurationPlatforms) = preSolution
		Debug|Any CPU = Debug|Any CPU
		Release|Any CPU = Release|Any CPU
	EndGlobalSection
	GlobalSection(ProjectConfigurationPlatforms) = postSolution
		{E35D93C2-1C5C-384A-3E75-450AB002618B}.Debug|Any CPU.ActiveCfg = Debug|Any CPU
		{E35D93C2-1C5C-384A-3E75-450AB002618B}.Debug|Any CPU.Build.0 = Debug|Any CPU
		{E35D93C2-1C5C-384A-3E75-450AB002618B}.Release|Any CPU.ActiveCfg = Release|Any CPU
		{E35D93C2-1C5C-384A-3E75-450AB002618B}.Release|Any CPU.Build.0 = Release|Any CPU
		{0378B8C3-9DA1-C94B-310E-73FC12EB1E49}.Debug|Any CPU.ActiveCfg = Debug|Any CPU
		{0378B8C3-9DA1-C94B-310E-73FC12EB1E49}.Debug|Any CPU.Build.0 = Debug|Any CPU
		{0378B8C3-9DA1-C94B-310E-73FC12EB1E49}.Release|Any CPU.ActiveCfg = Release|Any CPU
		{0378B8C3-9DA1-C94B-310E-73FC12EB1E49}.Release|Any CPU.Build.0 = Release|Any CPU
	EndGlobalSection
	GlobalSection(SolutionProperties) = preSolution
		HideSolutionNode = FALSE
	EndGlobalSection
EndGlobal
